// !$*UTF8*$!
{
	archiveVersion = 1;
	classes = {
	};
	objectVersion = 54;
	objects = {

/* Begin PBXBuildFile section */
		55C9C457251A52830076B862 /* MailComposeViewController.swift in Sources */ = {isa = PBXBuildFile; fileRef = 55C9C456251A52830076B862 /* MailComposeViewController.swift */; };
		OBJ_105 /* Package.swift in Sources */ = {isa = PBXBuildFile; fileRef = OBJ_6 /* Package.swift */; };
		OBJ_55 /* NibInitable.swift in Sources */ = {isa = PBXBuildFile; fileRef = OBJ_9 /* NibInitable.swift */; };
		OBJ_56 /* Reusable.swift in Sources */ = {isa = PBXBuildFile; fileRef = OBJ_10 /* Reusable.swift */; };
		OBJ_57 /* StoryboardInitable.swift in Sources */ = {isa = PBXBuildFile; fileRef = OBJ_11 /* StoryboardInitable.swift */; };
		OBJ_58 /* UICollectionView+Reusable.swift in Sources */ = {isa = PBXBuildFile; fileRef = OBJ_12 /* UICollectionView+Reusable.swift */; };
		OBJ_59 /* UIStoryboard+Reusable.swift in Sources */ = {isa = PBXBuildFile; fileRef = OBJ_13 /* UIStoryboard+Reusable.swift */; };
		OBJ_60 /* UITableView+Reusable.swift in Sources */ = {isa = PBXBuildFile; fileRef = OBJ_14 /* UITableView+Reusable.swift */; };
		OBJ_67 /* DispatchExtensions.swift in Sources */ = {isa = PBXBuildFile; fileRef = OBJ_16 /* DispatchExtensions.swift */; };
		OBJ_68 /* Tools.swift in Sources */ = {isa = PBXBuildFile; fileRef = OBJ_17 /* Tools.swift */; };
		OBJ_69 /* Button.swift in Sources */ = {isa = PBXBuildFile; fileRef = OBJ_20 /* Button.swift */; };
		OBJ_70 /* FallableContainerView.swift in Sources */ = {isa = PBXBuildFile; fileRef = OBJ_21 /* FallableContainerView.swift */; };
		OBJ_71 /* PreloadableContainerView.swift in Sources */ = {isa = PBXBuildFile; fileRef = OBJ_22 /* PreloadableContainerView.swift */; };
		OBJ_72 /* Switch.swift in Sources */ = {isa = PBXBuildFile; fileRef = OBJ_23 /* Switch.swift */; };
		OBJ_73 /* UIColorExtensions.swift in Sources */ = {isa = PBXBuildFile; fileRef = OBJ_25 /* UIColorExtensions.swift */; };
		OBJ_74 /* UIKitExtensions.swift in Sources */ = {isa = PBXBuildFile; fileRef = OBJ_26 /* UIKitExtensions.swift */; };
		OBJ_75 /* UIView+AutoLayout.swift in Sources */ = {isa = PBXBuildFile; fileRef = OBJ_27 /* UIView+AutoLayout.swift */; };
		OBJ_76 /* UIView+RoundedCorners.swift in Sources */ = {isa = PBXBuildFile; fileRef = OBJ_28 /* UIView+RoundedCorners.swift */; };
		OBJ_77 /* KeyboardObserver.swift in Sources */ = {isa = PBXBuildFile; fileRef = OBJ_29 /* KeyboardObserver.swift */; };
		OBJ_78 /* Presentation.swift in Sources */ = {isa = PBXBuildFile; fileRef = OBJ_30 /* Presentation.swift */; };
		OBJ_79 /* SearchController.swift in Sources */ = {isa = PBXBuildFile; fileRef = OBJ_31 /* SearchController.swift */; };
		OBJ_80 /* SliderAdapter.swift in Sources */ = {isa = PBXBuildFile; fileRef = OBJ_32 /* SliderAdapter.swift */; };
		OBJ_82 /* ToolsFoundation.framework in Frameworks */ = {isa = PBXBuildFile; fileRef = "Tools::ToolsFoundation::Product" /* ToolsFoundation.framework */; };
		OBJ_83 /* Reusable.framework in Frameworks */ = {isa = PBXBuildFile; fileRef = "Tools::Reusable::Product" /* Reusable.framework */; };
		OBJ_91 /* Extensions.swift in Sources */ = {isa = PBXBuildFile; fileRef = OBJ_34 /* Extensions.swift */; };
		OBJ_92 /* HasApply.swift in Sources */ = {isa = PBXBuildFile; fileRef = OBJ_35 /* HasApply.swift */; };
		OBJ_93 /* NotificationObserver.swift in Sources */ = {isa = PBXBuildFile; fileRef = OBJ_36 /* NotificationObserver.swift */; };
		OBJ_94 /* RoutingController.swift in Sources */ = {isa = PBXBuildFile; fileRef = OBJ_37 /* RoutingController.swift */; };
		OBJ_95 /* Section.swift in Sources */ = {isa = PBXBuildFile; fileRef = OBJ_38 /* Section.swift */; };
		OBJ_96 /* String+Base64.swift in Sources */ = {isa = PBXBuildFile; fileRef = OBJ_39 /* String+Base64.swift */; };
		OBJ_97 /* String+Regexp.swift in Sources */ = {isa = PBXBuildFile; fileRef = OBJ_40 /* String+Regexp.swift */; };
		OBJ_98 /* StringExtensions.swift in Sources */ = {isa = PBXBuildFile; fileRef = OBJ_41 /* StringExtensions.swift */; };
/* End PBXBuildFile section */

/* Begin PBXContainerItemProxy section */
		55C9C44F251A50400076B862 /* PBXContainerItemProxy */ = {
			isa = PBXContainerItemProxy;
			containerPortal = OBJ_1 /* Project object */;
			proxyType = 1;
			remoteGlobalIDString = "Tools::ToolsFoundation";
			remoteInfo = ToolsFoundation;
		};
		55C9C450251A50400076B862 /* PBXContainerItemProxy */ = {
			isa = PBXContainerItemProxy;
			containerPortal = OBJ_1 /* Project object */;
			proxyType = 1;
			remoteGlobalIDString = "Tools::Reusable";
			remoteInfo = Reusable;
		};
/* End PBXContainerItemProxy section */

/* Begin PBXFileReference section */
		55C9C456251A52830076B862 /* MailComposeViewController.swift */ = {isa = PBXFileReference; lastKnownFileType = sourcecode.swift; path = MailComposeViewController.swift; sourceTree = "<group>"; };
		OBJ_10 /* Reusable.swift */ = {isa = PBXFileReference; lastKnownFileType = sourcecode.swift; path = Reusable.swift; sourceTree = "<group>"; };
		OBJ_11 /* StoryboardInitable.swift */ = {isa = PBXFileReference; lastKnownFileType = sourcecode.swift; path = StoryboardInitable.swift; sourceTree = "<group>"; };
		OBJ_12 /* UICollectionView+Reusable.swift */ = {isa = PBXFileReference; lastKnownFileType = sourcecode.swift; path = "UICollectionView+Reusable.swift"; sourceTree = "<group>"; };
		OBJ_13 /* UIStoryboard+Reusable.swift */ = {isa = PBXFileReference; lastKnownFileType = sourcecode.swift; path = "UIStoryboard+Reusable.swift"; sourceTree = "<group>"; };
		OBJ_14 /* UITableView+Reusable.swift */ = {isa = PBXFileReference; lastKnownFileType = sourcecode.swift; path = "UITableView+Reusable.swift"; sourceTree = "<group>"; };
		OBJ_16 /* DispatchExtensions.swift */ = {isa = PBXFileReference; lastKnownFileType = sourcecode.swift; path = DispatchExtensions.swift; sourceTree = "<group>"; };
		OBJ_17 /* Tools.swift */ = {isa = PBXFileReference; lastKnownFileType = sourcecode.swift; path = Tools.swift; sourceTree = "<group>"; };
		OBJ_20 /* Button.swift */ = {isa = PBXFileReference; lastKnownFileType = sourcecode.swift; path = Button.swift; sourceTree = "<group>"; };
		OBJ_21 /* FallableContainerView.swift */ = {isa = PBXFileReference; lastKnownFileType = sourcecode.swift; path = FallableContainerView.swift; sourceTree = "<group>"; };
		OBJ_22 /* PreloadableContainerView.swift */ = {isa = PBXFileReference; lastKnownFileType = sourcecode.swift; path = PreloadableContainerView.swift; sourceTree = "<group>"; };
		OBJ_23 /* Switch.swift */ = {isa = PBXFileReference; lastKnownFileType = sourcecode.swift; path = Switch.swift; sourceTree = "<group>"; };
		OBJ_25 /* UIColorExtensions.swift */ = {isa = PBXFileReference; lastKnownFileType = sourcecode.swift; path = UIColorExtensions.swift; sourceTree = "<group>"; };
		OBJ_26 /* UIKitExtensions.swift */ = {isa = PBXFileReference; lastKnownFileType = sourcecode.swift; path = UIKitExtensions.swift; sourceTree = "<group>"; };
		OBJ_27 /* UIView+AutoLayout.swift */ = {isa = PBXFileReference; lastKnownFileType = sourcecode.swift; path = "UIView+AutoLayout.swift"; sourceTree = "<group>"; };
		OBJ_28 /* UIView+RoundedCorners.swift */ = {isa = PBXFileReference; lastKnownFileType = sourcecode.swift; path = "UIView+RoundedCorners.swift"; sourceTree = "<group>"; };
		OBJ_29 /* KeyboardObserver.swift */ = {isa = PBXFileReference; lastKnownFileType = sourcecode.swift; path = KeyboardObserver.swift; sourceTree = "<group>"; };
		OBJ_30 /* Presentation.swift */ = {isa = PBXFileReference; lastKnownFileType = sourcecode.swift; path = Presentation.swift; sourceTree = "<group>"; };
		OBJ_31 /* SearchController.swift */ = {isa = PBXFileReference; lastKnownFileType = sourcecode.swift; path = SearchController.swift; sourceTree = "<group>"; };
		OBJ_32 /* SliderAdapter.swift */ = {isa = PBXFileReference; lastKnownFileType = sourcecode.swift; path = SliderAdapter.swift; sourceTree = "<group>"; };
		OBJ_34 /* Extensions.swift */ = {isa = PBXFileReference; lastKnownFileType = sourcecode.swift; path = Extensions.swift; sourceTree = "<group>"; };
		OBJ_35 /* HasApply.swift */ = {isa = PBXFileReference; lastKnownFileType = sourcecode.swift; path = HasApply.swift; sourceTree = "<group>"; };
		OBJ_36 /* NotificationObserver.swift */ = {isa = PBXFileReference; lastKnownFileType = sourcecode.swift; path = NotificationObserver.swift; sourceTree = "<group>"; };
		OBJ_37 /* RoutingController.swift */ = {isa = PBXFileReference; lastKnownFileType = sourcecode.swift; path = RoutingController.swift; sourceTree = "<group>"; };
		OBJ_38 /* Section.swift */ = {isa = PBXFileReference; lastKnownFileType = sourcecode.swift; path = Section.swift; sourceTree = "<group>"; };
		OBJ_39 /* String+Base64.swift */ = {isa = PBXFileReference; lastKnownFileType = sourcecode.swift; path = "String+Base64.swift"; sourceTree = "<group>"; };
		OBJ_40 /* String+Regexp.swift */ = {isa = PBXFileReference; lastKnownFileType = sourcecode.swift; path = "String+Regexp.swift"; sourceTree = "<group>"; };
		OBJ_41 /* StringExtensions.swift */ = {isa = PBXFileReference; lastKnownFileType = sourcecode.swift; path = StringExtensions.swift; sourceTree = "<group>"; };
		OBJ_47 /* ExampleIOS */ = {isa = PBXFileReference; lastKnownFileType = folder; path = ExampleIOS; sourceTree = SOURCE_ROOT; };
		OBJ_48 /* LICENSE.md */ = {isa = PBXFileReference; lastKnownFileType = net.daringfireball.markdown; path = LICENSE.md; sourceTree = "<group>"; };
		OBJ_49 /* README.md */ = {isa = PBXFileReference; lastKnownFileType = net.daringfireball.markdown; path = README.md; sourceTree = "<group>"; };
		OBJ_6 /* Package.swift */ = {isa = PBXFileReference; explicitFileType = sourcecode.swift; path = Package.swift; sourceTree = "<group>"; };
		OBJ_9 /* NibInitable.swift */ = {isa = PBXFileReference; lastKnownFileType = sourcecode.swift; path = NibInitable.swift; sourceTree = "<group>"; };
		"Tools::Reusable::Product" /* Reusable.framework */ = {isa = PBXFileReference; lastKnownFileType = wrapper.framework; path = Reusable.framework; sourceTree = BUILT_PRODUCTS_DIR; };
		"Tools::Tools::Product" /* Tools.framework */ = {isa = PBXFileReference; lastKnownFileType = wrapper.framework; path = Tools.framework; sourceTree = BUILT_PRODUCTS_DIR; };
		"Tools::ToolsFoundation::Product" /* ToolsFoundation.framework */ = {isa = PBXFileReference; lastKnownFileType = wrapper.framework; path = ToolsFoundation.framework; sourceTree = BUILT_PRODUCTS_DIR; };
/* End PBXFileReference section */

/* Begin PBXFrameworksBuildPhase section */
		OBJ_61 /* Frameworks */ = {
			isa = PBXFrameworksBuildPhase;
			buildActionMask = 0;
			files = (
			);
			runOnlyForDeploymentPostprocessing = 0;
		};
		OBJ_81 /* Frameworks */ = {
			isa = PBXFrameworksBuildPhase;
			buildActionMask = 0;
			files = (
				OBJ_82 /* ToolsFoundation.framework in Frameworks */,
				OBJ_83 /* Reusable.framework in Frameworks */,
			);
			runOnlyForDeploymentPostprocessing = 0;
		};
		OBJ_99 /* Frameworks */ = {
			isa = PBXFrameworksBuildPhase;
			buildActionMask = 0;
			files = (
			);
			runOnlyForDeploymentPostprocessing = 0;
		};
/* End PBXFrameworksBuildPhase section */

/* Begin PBXGroup section */
		OBJ_15 /* Tools */ = {
			isa = PBXGroup;
			children = (
				OBJ_16 /* DispatchExtensions.swift */,
				OBJ_17 /* Tools.swift */,
				OBJ_18 /* UIKit */,
			);
			name = Tools;
			path = Sources/Tools;
			sourceTree = SOURCE_ROOT;
		};
		OBJ_18 /* UIKit */ = {
			isa = PBXGroup;
			children = (
				OBJ_19 /* Components */,
				OBJ_24 /* Extensions */,
				OBJ_29 /* KeyboardObserver.swift */,
				OBJ_30 /* Presentation.swift */,
				OBJ_31 /* SearchController.swift */,
				OBJ_32 /* SliderAdapter.swift */,
				55C9C456251A52830076B862 /* MailComposeViewController.swift */,
			);
			path = UIKit;
			sourceTree = "<group>";
		};
		OBJ_19 /* Components */ = {
			isa = PBXGroup;
			children = (
				OBJ_20 /* Button.swift */,
				OBJ_21 /* FallableContainerView.swift */,
				OBJ_22 /* PreloadableContainerView.swift */,
				OBJ_23 /* Switch.swift */,
			);
			path = Components;
			sourceTree = "<group>";
		};
		OBJ_24 /* Extensions */ = {
			isa = PBXGroup;
			children = (
				OBJ_25 /* UIColorExtensions.swift */,
				OBJ_26 /* UIKitExtensions.swift */,
				OBJ_27 /* UIView+AutoLayout.swift */,
				OBJ_28 /* UIView+RoundedCorners.swift */,
			);
			path = Extensions;
			sourceTree = "<group>";
		};
		OBJ_33 /* ToolsFoundation */ = {
			isa = PBXGroup;
			children = (
				OBJ_34 /* Extensions.swift */,
				OBJ_35 /* HasApply.swift */,
				OBJ_36 /* NotificationObserver.swift */,
				OBJ_37 /* RoutingController.swift */,
				OBJ_38 /* Section.swift */,
				OBJ_39 /* String+Base64.swift */,
				OBJ_40 /* String+Regexp.swift */,
				OBJ_41 /* StringExtensions.swift */,
			);
			name = ToolsFoundation;
			path = Sources/ToolsFoundation;
			sourceTree = SOURCE_ROOT;
		};
		OBJ_42 /* Tests */ = {
			isa = PBXGroup;
			children = (
			);
			name = Tests;
			sourceTree = SOURCE_ROOT;
		};
		OBJ_43 /* Products */ = {
			isa = PBXGroup;
			children = (
				"Tools::Tools::Product" /* Tools.framework */,
				"Tools::ToolsFoundation::Product" /* ToolsFoundation.framework */,
				"Tools::Reusable::Product" /* Reusable.framework */,
			);
			name = Products;
			sourceTree = BUILT_PRODUCTS_DIR;
		};
		OBJ_5 = {
			isa = PBXGroup;
			children = (
				OBJ_6 /* Package.swift */,
				OBJ_7 /* Sources */,
				OBJ_42 /* Tests */,
				OBJ_43 /* Products */,
				OBJ_47 /* ExampleIOS */,
				OBJ_48 /* LICENSE.md */,
				OBJ_49 /* README.md */,
			);
			sourceTree = "<group>";
		};
		OBJ_7 /* Sources */ = {
			isa = PBXGroup;
			children = (
				OBJ_8 /* Reusable */,
				OBJ_15 /* Tools */,
				OBJ_33 /* ToolsFoundation */,
			);
			name = Sources;
			sourceTree = SOURCE_ROOT;
		};
		OBJ_8 /* Reusable */ = {
			isa = PBXGroup;
			children = (
				OBJ_9 /* NibInitable.swift */,
				OBJ_10 /* Reusable.swift */,
				OBJ_11 /* StoryboardInitable.swift */,
				OBJ_12 /* UICollectionView+Reusable.swift */,
				OBJ_13 /* UIStoryboard+Reusable.swift */,
				OBJ_14 /* UITableView+Reusable.swift */,
			);
			name = Reusable;
			path = Sources/Reusable;
			sourceTree = SOURCE_ROOT;
		};
/* End PBXGroup section */

/* Begin PBXNativeTarget section */
		"Tools::Reusable" /* Reusable */ = {
			isa = PBXNativeTarget;
			buildConfigurationList = OBJ_51 /* Build configuration list for PBXNativeTarget "Reusable" */;
			buildPhases = (
				OBJ_54 /* Sources */,
				OBJ_61 /* Frameworks */,
			);
			buildRules = (
			);
			dependencies = (
			);
			name = Reusable;
			productName = Reusable;
			productReference = "Tools::Reusable::Product" /* Reusable.framework */;
			productType = "com.apple.product-type.framework";
		};
		"Tools::SwiftPMPackageDescription" /* ToolsPackageDescription */ = {
			isa = PBXNativeTarget;
			buildConfigurationList = OBJ_101 /* Build configuration list for PBXNativeTarget "ToolsPackageDescription" */;
			buildPhases = (
				OBJ_104 /* Sources */,
			);
			buildRules = (
			);
			dependencies = (
			);
			name = ToolsPackageDescription;
			productName = ToolsPackageDescription;
			productType = "com.apple.product-type.framework";
		};
		"Tools::Tools" /* Tools */ = {
			isa = PBXNativeTarget;
			buildConfigurationList = OBJ_63 /* Build configuration list for PBXNativeTarget "Tools" */;
			buildPhases = (
				OBJ_66 /* Sources */,
				OBJ_81 /* Frameworks */,
			);
			buildRules = (
			);
			dependencies = (
				OBJ_84 /* PBXTargetDependency */,
				OBJ_86 /* PBXTargetDependency */,
			);
			name = Tools;
			productName = Tools;
			productReference = "Tools::Tools::Product" /* Tools.framework */;
			productType = "com.apple.product-type.framework";
		};
		"Tools::ToolsFoundation" /* ToolsFoundation */ = {
			isa = PBXNativeTarget;
			buildConfigurationList = OBJ_87 /* Build configuration list for PBXNativeTarget "ToolsFoundation" */;
			buildPhases = (
				OBJ_90 /* Sources */,
				OBJ_99 /* Frameworks */,
			);
			buildRules = (
			);
			dependencies = (
			);
			name = ToolsFoundation;
			productName = ToolsFoundation;
			productReference = "Tools::ToolsFoundation::Product" /* ToolsFoundation.framework */;
			productType = "com.apple.product-type.framework";
		};
/* End PBXNativeTarget section */

/* Begin PBXProject section */
		OBJ_1 /* Project object */ = {
			isa = PBXProject;
			attributes = {
				LastSwiftMigration = 9999;
				LastUpgradeCheck = 1250;
			};
			buildConfigurationList = OBJ_2 /* Build configuration list for PBXProject "Tools" */;
			compatibilityVersion = "Xcode 12.0";
			developmentRegion = en;
			hasScannedForEncodings = 0;
			knownRegions = (
				en,
			);
			mainGroup = OBJ_5;
			productRefGroup = OBJ_43 /* Products */;
			projectDirPath = "";
			projectRoot = "";
			targets = (
				"Tools::Reusable" /* Reusable */,
				"Tools::Tools" /* Tools */,
				"Tools::ToolsFoundation" /* ToolsFoundation */,
				"Tools::SwiftPMPackageDescription" /* ToolsPackageDescription */,
			);
		};
/* End PBXProject section */

/* Begin PBXSourcesBuildPhase section */
		OBJ_104 /* Sources */ = {
			isa = PBXSourcesBuildPhase;
			buildActionMask = 0;
			files = (
				OBJ_105 /* Package.swift in Sources */,
			);
			runOnlyForDeploymentPostprocessing = 0;
		};
		OBJ_54 /* Sources */ = {
			isa = PBXSourcesBuildPhase;
			buildActionMask = 0;
			files = (
				OBJ_55 /* NibInitable.swift in Sources */,
				OBJ_56 /* Reusable.swift in Sources */,
				OBJ_57 /* StoryboardInitable.swift in Sources */,
				OBJ_58 /* UICollectionView+Reusable.swift in Sources */,
				OBJ_59 /* UIStoryboard+Reusable.swift in Sources */,
				OBJ_60 /* UITableView+Reusable.swift in Sources */,
			);
			runOnlyForDeploymentPostprocessing = 0;
		};
		OBJ_66 /* Sources */ = {
			isa = PBXSourcesBuildPhase;
			buildActionMask = 0;
			files = (
				OBJ_67 /* DispatchExtensions.swift in Sources */,
				OBJ_68 /* Tools.swift in Sources */,
				OBJ_69 /* Button.swift in Sources */,
				OBJ_70 /* FallableContainerView.swift in Sources */,
				OBJ_71 /* PreloadableContainerView.swift in Sources */,
				OBJ_72 /* Switch.swift in Sources */,
				OBJ_73 /* UIColorExtensions.swift in Sources */,
				OBJ_74 /* UIKitExtensions.swift in Sources */,
				OBJ_75 /* UIView+AutoLayout.swift in Sources */,
				OBJ_76 /* UIView+RoundedCorners.swift in Sources */,
				55C9C457251A52830076B862 /* MailComposeViewController.swift in Sources */,
				OBJ_77 /* KeyboardObserver.swift in Sources */,
				OBJ_78 /* Presentation.swift in Sources */,
				OBJ_79 /* SearchController.swift in Sources */,
				OBJ_80 /* SliderAdapter.swift in Sources */,
			);
			runOnlyForDeploymentPostprocessing = 0;
		};
		OBJ_90 /* Sources */ = {
			isa = PBXSourcesBuildPhase;
			buildActionMask = 0;
			files = (
				OBJ_91 /* Extensions.swift in Sources */,
				OBJ_92 /* HasApply.swift in Sources */,
				OBJ_93 /* NotificationObserver.swift in Sources */,
				OBJ_94 /* RoutingController.swift in Sources */,
				OBJ_95 /* Section.swift in Sources */,
				OBJ_96 /* String+Base64.swift in Sources */,
				OBJ_97 /* String+Regexp.swift in Sources */,
				OBJ_98 /* StringExtensions.swift in Sources */,
			);
			runOnlyForDeploymentPostprocessing = 0;
		};
/* End PBXSourcesBuildPhase section */

/* Begin PBXTargetDependency section */
		OBJ_84 /* PBXTargetDependency */ = {
			isa = PBXTargetDependency;
			target = "Tools::ToolsFoundation" /* ToolsFoundation */;
			targetProxy = 55C9C44F251A50400076B862 /* PBXContainerItemProxy */;
		};
		OBJ_86 /* PBXTargetDependency */ = {
			isa = PBXTargetDependency;
			target = "Tools::Reusable" /* Reusable */;
			targetProxy = 55C9C450251A50400076B862 /* PBXContainerItemProxy */;
		};
/* End PBXTargetDependency section */

/* Begin XCBuildConfiguration section */
		OBJ_102 /* Debug */ = {
			isa = XCBuildConfiguration;
			buildSettings = {
				LD = /usr/bin/true;
				OTHER_SWIFT_FLAGS = "-swift-version 5 -I $(TOOLCHAIN_DIR)/usr/lib/swift/pm/4_2 -sdk /Applications/Xcode.app/Contents/Developer/Platforms/MacOSX.platform/Developer/SDKs/MacOSX10.15.sdk -package-description-version 5.2.0";
				SWIFT_VERSION = 5.0;
			};
			name = Debug;
		};
		OBJ_103 /* Release */ = {
			isa = XCBuildConfiguration;
			buildSettings = {
				LD = /usr/bin/true;
				OTHER_SWIFT_FLAGS = "-swift-version 5 -I $(TOOLCHAIN_DIR)/usr/lib/swift/pm/4_2 -sdk /Applications/Xcode.app/Contents/Developer/Platforms/MacOSX.platform/Developer/SDKs/MacOSX10.15.sdk -package-description-version 5.2.0";
				SWIFT_VERSION = 5.0;
			};
			name = Release;
		};
		OBJ_3 /* Debug */ = {
			isa = XCBuildConfiguration;
			buildSettings = {
				CLANG_ENABLE_OBJC_ARC = YES;
				CLANG_WARN_BLOCK_CAPTURE_AUTORELEASING = YES;
				CLANG_WARN_BOOL_CONVERSION = YES;
				CLANG_WARN_COMMA = YES;
				CLANG_WARN_CONSTANT_CONVERSION = YES;
				CLANG_WARN_DEPRECATED_OBJC_IMPLEMENTATIONS = YES;
				CLANG_WARN_EMPTY_BODY = YES;
				CLANG_WARN_ENUM_CONVERSION = YES;
				CLANG_WARN_INFINITE_RECURSION = YES;
				CLANG_WARN_INT_CONVERSION = YES;
				CLANG_WARN_NON_LITERAL_NULL_CONVERSION = YES;
				CLANG_WARN_OBJC_IMPLICIT_RETAIN_SELF = YES;
				CLANG_WARN_OBJC_LITERAL_CONVERSION = YES;
				CLANG_WARN_QUOTED_INCLUDE_IN_FRAMEWORK_HEADER = YES;
				CLANG_WARN_RANGE_LOOP_ANALYSIS = YES;
				CLANG_WARN_STRICT_PROTOTYPES = YES;
				CLANG_WARN_SUSPICIOUS_MOVE = YES;
				CLANG_WARN_UNREACHABLE_CODE = YES;
				CLANG_WARN__DUPLICATE_METHOD_MATCH = YES;
				COMBINE_HIDPI_IMAGES = YES;
				COPY_PHASE_STRIP = NO;
				DEBUG_INFORMATION_FORMAT = dwarf;
				DYLIB_INSTALL_NAME_BASE = "@rpath";
				ENABLE_NS_ASSERTIONS = YES;
				ENABLE_STRICT_OBJC_MSGSEND = YES;
				ENABLE_TESTABILITY = YES;
				GCC_NO_COMMON_BLOCKS = YES;
				GCC_OPTIMIZATION_LEVEL = 0;
				GCC_PREPROCESSOR_DEFINITIONS = (
					"$(inherited)",
					"SWIFT_PACKAGE=1",
					"DEBUG=1",
				);
				GCC_WARN_64_TO_32_BIT_CONVERSION = YES;
				GCC_WARN_ABOUT_RETURN_TYPE = YES;
				GCC_WARN_UNDECLARED_SELECTOR = YES;
				GCC_WARN_UNINITIALIZED_AUTOS = YES;
				GCC_WARN_UNUSED_FUNCTION = YES;
				GCC_WARN_UNUSED_VARIABLE = YES;
				MACOSX_DEPLOYMENT_TARGET = 10.10;
				ONLY_ACTIVE_ARCH = YES;
				OTHER_SWIFT_FLAGS = "$(inherited) -DXcode";
				PRODUCT_NAME = "$(TARGET_NAME)";
				SDKROOT = macosx;
				SUPPORTED_PLATFORMS = "macosx iphoneos iphonesimulator appletvos appletvsimulator watchos watchsimulator";
				SWIFT_ACTIVE_COMPILATION_CONDITIONS = "$(inherited) SWIFT_PACKAGE DEBUG";
				SWIFT_OPTIMIZATION_LEVEL = "-Onone";
				USE_HEADERMAP = NO;
			};
			name = Debug;
		};
		OBJ_4 /* Release */ = {
			isa = XCBuildConfiguration;
			buildSettings = {
				CLANG_ENABLE_OBJC_ARC = YES;
				CLANG_WARN_BLOCK_CAPTURE_AUTORELEASING = YES;
				CLANG_WARN_BOOL_CONVERSION = YES;
				CLANG_WARN_COMMA = YES;
				CLANG_WARN_CONSTANT_CONVERSION = YES;
				CLANG_WARN_DEPRECATED_OBJC_IMPLEMENTATIONS = YES;
				CLANG_WARN_EMPTY_BODY = YES;
				CLANG_WARN_ENUM_CONVERSION = YES;
				CLANG_WARN_INFINITE_RECURSION = YES;
				CLANG_WARN_INT_CONVERSION = YES;
				CLANG_WARN_NON_LITERAL_NULL_CONVERSION = YES;
				CLANG_WARN_OBJC_IMPLICIT_RETAIN_SELF = YES;
				CLANG_WARN_OBJC_LITERAL_CONVERSION = YES;
				CLANG_WARN_QUOTED_INCLUDE_IN_FRAMEWORK_HEADER = YES;
				CLANG_WARN_RANGE_LOOP_ANALYSIS = YES;
				CLANG_WARN_STRICT_PROTOTYPES = YES;
				CLANG_WARN_SUSPICIOUS_MOVE = YES;
				CLANG_WARN_UNREACHABLE_CODE = YES;
				CLANG_WARN__DUPLICATE_METHOD_MATCH = YES;
				COMBINE_HIDPI_IMAGES = YES;
				COPY_PHASE_STRIP = YES;
				DEBUG_INFORMATION_FORMAT = "dwarf-with-dsym";
				DYLIB_INSTALL_NAME_BASE = "@rpath";
				ENABLE_STRICT_OBJC_MSGSEND = YES;
				GCC_NO_COMMON_BLOCKS = YES;
				GCC_OPTIMIZATION_LEVEL = s;
				GCC_PREPROCESSOR_DEFINITIONS = (
					"$(inherited)",
					"SWIFT_PACKAGE=1",
				);
				GCC_WARN_64_TO_32_BIT_CONVERSION = YES;
				GCC_WARN_ABOUT_RETURN_TYPE = YES;
				GCC_WARN_UNDECLARED_SELECTOR = YES;
				GCC_WARN_UNINITIALIZED_AUTOS = YES;
				GCC_WARN_UNUSED_FUNCTION = YES;
				GCC_WARN_UNUSED_VARIABLE = YES;
				MACOSX_DEPLOYMENT_TARGET = 10.10;
				OTHER_SWIFT_FLAGS = "$(inherited) -DXcode";
				PRODUCT_NAME = "$(TARGET_NAME)";
				SDKROOT = macosx;
				SUPPORTED_PLATFORMS = "macosx iphoneos iphonesimulator appletvos appletvsimulator watchos watchsimulator";
				SWIFT_ACTIVE_COMPILATION_CONDITIONS = "$(inherited) SWIFT_PACKAGE";
				SWIFT_COMPILATION_MODE = wholemodule;
				SWIFT_OPTIMIZATION_LEVEL = "-O";
				USE_HEADERMAP = NO;
			};
			name = Release;
		};
		OBJ_52 /* Debug */ = {
			isa = XCBuildConfiguration;
			buildSettings = {
				ENABLE_TESTABILITY = YES;
				FRAMEWORK_SEARCH_PATHS = (
					"$(inherited)",
					"$(PLATFORM_DIR)/Developer/Library/Frameworks",
				);
				HEADER_SEARCH_PATHS = "$(inherited)";
				INFOPLIST_FILE = Tools.xcodeproj/Reusable_Info.plist;
				IPHONEOS_DEPLOYMENT_TARGET = 9.0;
				LD_RUNPATH_SEARCH_PATHS = (
					"$(inherited)",
					"$(TOOLCHAIN_DIR)/usr/lib/swift/macosx",
				);
				MACOSX_DEPLOYMENT_TARGET = 10.10;
				OTHER_CFLAGS = "$(inherited)";
				OTHER_LDFLAGS = "$(inherited)";
				OTHER_SWIFT_FLAGS = "$(inherited)";
				PRODUCT_BUNDLE_IDENTIFIER = Reusable;
				PRODUCT_MODULE_NAME = "$(TARGET_NAME:c99extidentifier)";
				PRODUCT_NAME = "$(TARGET_NAME:c99extidentifier)";
				SKIP_INSTALL = YES;
				SWIFT_ACTIVE_COMPILATION_CONDITIONS = "$(inherited)";
				SWIFT_VERSION = 5.0;
				TARGET_NAME = Reusable;
				TVOS_DEPLOYMENT_TARGET = 9.0;
				WATCHOS_DEPLOYMENT_TARGET = 2.0;
			};
			name = Debug;
		};
		OBJ_53 /* Release */ = {
			isa = XCBuildConfiguration;
			buildSettings = {
				ENABLE_TESTABILITY = YES;
				FRAMEWORK_SEARCH_PATHS = (
					"$(inherited)",
					"$(PLATFORM_DIR)/Developer/Library/Frameworks",
				);
				HEADER_SEARCH_PATHS = "$(inherited)";
				INFOPLIST_FILE = Tools.xcodeproj/Reusable_Info.plist;
				IPHONEOS_DEPLOYMENT_TARGET = 9.0;
				LD_RUNPATH_SEARCH_PATHS = (
					"$(inherited)",
					"$(TOOLCHAIN_DIR)/usr/lib/swift/macosx",
				);
				MACOSX_DEPLOYMENT_TARGET = 10.10;
				OTHER_CFLAGS = "$(inherited)";
				OTHER_LDFLAGS = "$(inherited)";
				OTHER_SWIFT_FLAGS = "$(inherited)";
				PRODUCT_BUNDLE_IDENTIFIER = Reusable;
				PRODUCT_MODULE_NAME = "$(TARGET_NAME:c99extidentifier)";
				PRODUCT_NAME = "$(TARGET_NAME:c99extidentifier)";
				SKIP_INSTALL = YES;
				SWIFT_ACTIVE_COMPILATION_CONDITIONS = "$(inherited)";
				SWIFT_VERSION = 5.0;
				TARGET_NAME = Reusable;
				TVOS_DEPLOYMENT_TARGET = 9.0;
				WATCHOS_DEPLOYMENT_TARGET = 2.0;
			};
			name = Release;
		};
		OBJ_64 /* Debug */ = {
			isa = XCBuildConfiguration;
			buildSettings = {
				ENABLE_TESTABILITY = YES;
				FRAMEWORK_SEARCH_PATHS = (
					"$(inherited)",
					"$(PLATFORM_DIR)/Developer/Library/Frameworks",
				);
				HEADER_SEARCH_PATHS = "$(inherited)";
				INFOPLIST_FILE = Tools.xcodeproj/Tools_Info.plist;
				IPHONEOS_DEPLOYMENT_TARGET = 9.0;
				LD_RUNPATH_SEARCH_PATHS = (
					"$(inherited)",
					"$(TOOLCHAIN_DIR)/usr/lib/swift/macosx",
				);
				MACOSX_DEPLOYMENT_TARGET = 10.10;
				OTHER_CFLAGS = "$(inherited)";
				OTHER_LDFLAGS = "$(inherited)";
				OTHER_SWIFT_FLAGS = "$(inherited)";
				PRODUCT_BUNDLE_IDENTIFIER = Tools;
				PRODUCT_MODULE_NAME = "$(TARGET_NAME:c99extidentifier)";
				PRODUCT_NAME = "$(TARGET_NAME:c99extidentifier)";
				SKIP_INSTALL = YES;
				SWIFT_ACTIVE_COMPILATION_CONDITIONS = "$(inherited)";
				SWIFT_VERSION = 5.0;
				TARGET_NAME = Tools;
				TVOS_DEPLOYMENT_TARGET = 9.0;
				WATCHOS_DEPLOYMENT_TARGET = 2.0;
			};
			name = Debug;
		};
		OBJ_65 /* Release */ = {
			isa = XCBuildConfiguration;
			buildSettings = {
				ENABLE_TESTABILITY = YES;
				FRAMEWORK_SEARCH_PATHS = (
					"$(inherited)",
					"$(PLATFORM_DIR)/Developer/Library/Frameworks",
				);
				HEADER_SEARCH_PATHS = "$(inherited)";
				INFOPLIST_FILE = Tools.xcodeproj/Tools_Info.plist;
				IPHONEOS_DEPLOYMENT_TARGET = 9.0;
				LD_RUNPATH_SEARCH_PATHS = (
					"$(inherited)",
					"$(TOOLCHAIN_DIR)/usr/lib/swift/macosx",
				);
				MACOSX_DEPLOYMENT_TARGET = 10.10;
				OTHER_CFLAGS = "$(inherited)";
				OTHER_LDFLAGS = "$(inherited)";
				OTHER_SWIFT_FLAGS = "$(inherited)";
				PRODUCT_BUNDLE_IDENTIFIER = Tools;
				PRODUCT_MODULE_NAME = "$(TARGET_NAME:c99extidentifier)";
				PRODUCT_NAME = "$(TARGET_NAME:c99extidentifier)";
				SKIP_INSTALL = YES;
				SWIFT_ACTIVE_COMPILATION_CONDITIONS = "$(inherited)";
				SWIFT_VERSION = 5.0;
				TARGET_NAME = Tools;
				TVOS_DEPLOYMENT_TARGET = 9.0;
				WATCHOS_DEPLOYMENT_TARGET = 2.0;
			};
			name = Release;
		};
		OBJ_88 /* Debug */ = {
			isa = XCBuildConfiguration;
			buildSettings = {
				ENABLE_TESTABILITY = YES;
				FRAMEWORK_SEARCH_PATHS = (
					"$(inherited)",
					"$(PLATFORM_DIR)/Developer/Library/Frameworks",
				);
				HEADER_SEARCH_PATHS = "$(inherited)";
				INFOPLIST_FILE = Tools.xcodeproj/ToolsFoundation_Info.plist;
				IPHONEOS_DEPLOYMENT_TARGET = 9.0;
				LD_RUNPATH_SEARCH_PATHS = (
					"$(inherited)",
					"$(TOOLCHAIN_DIR)/usr/lib/swift/macosx",
				);
				MACOSX_DEPLOYMENT_TARGET = 10.10;
				OTHER_CFLAGS = "$(inherited)";
				OTHER_LDFLAGS = "$(inherited)";
				OTHER_SWIFT_FLAGS = "$(inherited)";
				PRODUCT_BUNDLE_IDENTIFIER = ToolsFoundation;
				PRODUCT_MODULE_NAME = "$(TARGET_NAME:c99extidentifier)";
				PRODUCT_NAME = "$(TARGET_NAME:c99extidentifier)";
				SKIP_INSTALL = YES;
				SWIFT_ACTIVE_COMPILATION_CONDITIONS = "$(inherited)";
				SWIFT_VERSION = 5.0;
				TARGET_NAME = ToolsFoundation;
				TVOS_DEPLOYMENT_TARGET = 9.0;
				WATCHOS_DEPLOYMENT_TARGET = 2.0;
			};
			name = Debug;
		};
		OBJ_89 /* Release */ = {
			isa = XCBuildConfiguration;
			buildSettings = {
				ENABLE_TESTABILITY = YES;
				FRAMEWORK_SEARCH_PATHS = (
					"$(inherited)",
					"$(PLATFORM_DIR)/Developer/Library/Frameworks",
				);
				HEADER_SEARCH_PATHS = "$(inherited)";
				INFOPLIST_FILE = Tools.xcodeproj/ToolsFoundation_Info.plist;
				IPHONEOS_DEPLOYMENT_TARGET = 9.0;
				LD_RUNPATH_SEARCH_PATHS = (
					"$(inherited)",
					"$(TOOLCHAIN_DIR)/usr/lib/swift/macosx",
				);
				MACOSX_DEPLOYMENT_TARGET = 10.10;
				OTHER_CFLAGS = "$(inherited)";
				OTHER_LDFLAGS = "$(inherited)";
				OTHER_SWIFT_FLAGS = "$(inherited)";
				PRODUCT_BUNDLE_IDENTIFIER = ToolsFoundation;
				PRODUCT_MODULE_NAME = "$(TARGET_NAME:c99extidentifier)";
				PRODUCT_NAME = "$(TARGET_NAME:c99extidentifier)";
				SKIP_INSTALL = YES;
				SWIFT_ACTIVE_COMPILATION_CONDITIONS = "$(inherited)";
				SWIFT_VERSION = 5.0;
				TARGET_NAME = ToolsFoundation;
				TVOS_DEPLOYMENT_TARGET = 9.0;
				WATCHOS_DEPLOYMENT_TARGET = 2.0;
			};
			name = Release;
		};
/* End XCBuildConfiguration section */

/* Begin XCConfigurationList section */
		OBJ_101 /* Build configuration list for PBXNativeTarget "ToolsPackageDescription" */ = {
			isa = XCConfigurationList;
			buildConfigurations = (
				OBJ_102 /* Debug */,
				OBJ_103 /* Release */,
			);
			defaultConfigurationIsVisible = 0;
			defaultConfigurationName = Release;
		};
		OBJ_2 /* Build configuration list for PBXProject "Tools" */ = {
			isa = XCConfigurationList;
			buildConfigurations = (
				OBJ_3 /* Debug */,
				OBJ_4 /* Release */,
			);
			defaultConfigurationIsVisible = 0;
			defaultConfigurationName = Release;
		};
		OBJ_51 /* Build configuration list for PBXNativeTarget "Reusable" */ = {
			isa = XCConfigurationList;
			buildConfigurations = (
				OBJ_52 /* Debug */,
				OBJ_53 /* Release */,
			);
			defaultConfigurationIsVisible = 0;
			defaultConfigurationName = Release;
		};
		OBJ_63 /* Build configuration list for PBXNativeTarget "Tools" */ = {
			isa = XCConfigurationList;
			buildConfigurations = (
				OBJ_64 /* Debug */,
				OBJ_65 /* Release */,
			);
			defaultConfigurationIsVisible = 0;
			defaultConfigurationName = Release;
		};
		OBJ_87 /* Build configuration list for PBXNativeTarget "ToolsFoundation" */ = {
			isa = XCConfigurationList;
			buildConfigurations = (
				OBJ_88 /* Debug */,
				OBJ_89 /* Release */,
			);
			defaultConfigurationIsVisible = 0;
			defaultConfigurationName = Release;
		};
/* End XCConfigurationList section */
	};
	rootObject = OBJ_1 /* Project object */;
}
