{
  "object": {
    "pins": [
      {
        "package": "ToolsFoundation",
        "repositoryURL": "https://github.com/OlegKetrar/ToolsFoundation",
        "state": {
          "branch": "master",
          "revision": "c6f0ec929206ee790df7d053e7c1dc2f3e497255",
          "version": null
        }
      }
    ]
  },
  "version": 1
}
